# This file is autogenerated, do not edit; changes may be undone by the next 'dep ensure'.


[[projects]]
  digest = "1:25549f5221349e81ca51601cfa449d4b872ad1d8854160e4a76420cc4639ab3c"
  name = "baliance.com/gooxml"
  packages = [
    ".",
    "algo",
    "chart",
    "color",
    "common",
    "document",
    "drawing",
    "measurement",
    "schema/soo/dml",
    "schema/soo/dml/chart",
    "schema/soo/dml/chartDrawing",
    "schema/soo/dml/picture",
    "schema/soo/dml/spreadsheetDrawing",
    "schema/soo/ofc/docPropsVTypes",
    "schema/soo/ofc/extended_properties",
    "schema/soo/ofc/math",
    "schema/soo/ofc/sharedTypes",
    "schema/soo/pkg/content_types",
    "schema/soo/pkg/metadata/core_properties",
    "schema/soo/pkg/relationships",
    "schema/soo/schemaLibrary",
    "schema/soo/sml",
    "schema/soo/wml",
    "schema/urn/schemas_microsoft_com/office/excel",
    "schema/urn/schemas_microsoft_com/office/powerpoint",
    "schema/urn/schemas_microsoft_com/office/word",
    "schema/urn/schemas_microsoft_com/vml",
    "spreadsheet",
    "spreadsheet/format",
    "spreadsheet/formula",
    "spreadsheet/reference",
    "vmldrawing",
    "zippkg",
  ]
  pruneopts = "UT"
  revision = "31484197ea1e45d1b4ec456e688dbaa327cf295e"
  version = "v1.0.0"

[solve-meta]
  analyzer-name = "dep"
  analyzer-version = 1
  input-imports = [
    "baliance.com/gooxml/document",
    "baliance.com/gooxml/spreadsheet",
  ]
  solver-name = "gps-cdcl"
  solver-version = 1
